
Microsoft Visual Studio Solution File, Format Version 12.00
# Visual Studio Version 17
VisualStudioVersion = 17.0.31903.59
MinimumVisualStudioVersion = 10.0.40219.1
Project("{2150E333-8FDC-42A3-9474-1A3956D46DE8}") = "4 - Docs", "4 - Docs", "{6D52B20D-5559-4E10-8386-4B6AD391A6A1}"
EndProject
Project("{2150E333-8FDC-42A3-9474-1A3956D46DE8}") = "2 - Component", "2 - Component", "{316905B8-A702-4A0A-970A-6A663DEC29F6}"
EndProject
Project("{2150E333-8FDC-42A3-9474-1A3956D46DE8}") = "Product Docs", "Product Docs", "{214C29AE-7E61-4087-9B0A-F2CA9A03006D}"
EndProject
Project("{FAE04EC0-301F-11D3-BF4B-00C04F79EFBC}") = "BlazorComponent", "src\BlazorComponent\src\Component\BlazorComponent\BlazorComponent.csproj", "{A26B0575-A04B-45AD-BDCD-9D526C9BA387}"
EndProject
Project("{FAE04EC0-301F-11D3-BF4B-00C04F79EFBC}") = "Masa.Blazor", "src\Masa.Blazor\Masa.Blazor.csproj", "{143D6DBA-B26D-4336-AFF9-EAF9381A32AD}"
EndProject
Project("{FAE04EC0-301F-11D3-BF4B-00C04F79EFBC}") = "Masa.Framework.Docs", "docs\MASA.Docs\src\Masa.Framework.Docs\Masa.Framework.Docs.csproj", "{9CF342BF-C6B8-4D6A-BCF9-3CF51F2E5742}"
EndProject
Project("{FAE04EC0-301F-11D3-BF4B-00C04F79EFBC}") = "Masa.Stack.Docs", "docs\MASA.Docs\src\Masa.Stack.Docs\Masa.Stack.Docs.csproj", "{587736B8-88E4-4490-938F-938E61E6BC47}"
EndProject
Project("{2150E333-8FDC-42A3-9474-1A3956D46DE8}") = "1 - Test", "1 - Test", "{5512BB36-2B84-4BB9-B102-C644E3EF5212}"
EndProject
Project("{2150E333-8FDC-42A3-9474-1A3956D46DE8}") = "3 - Development", "3 - Development", "{00B4BEE6-3D40-4E40-8B23-D238DCE75F36}"
EndProject
Project("{FAE04EC0-301F-11D3-BF4B-00C04F79EFBC}") = "Masa.Blazor.Test", "test\Masa.Blazor.Test\Masa.Blazor.Test.csproj", "{E6FDA936-BD5B-4BE4-B447-D2A1A406E276}"
EndProject
Project("{2150E333-8FDC-42A3-9474-1A3956D46DE8}") = "9 - Solution Itms", "9 - Solution Itms", "{6C182DFB-BEED-4970-BDF8-2988032AB445}"
	ProjectSection(SolutionItems) = preProject
		.gitignore = .gitignore
		.gitlab-ci.yml = .gitlab-ci.yml
		.gitmodules = .gitmodules
		CONTRIBUTING.md = CONTRIBUTING.md
		Dockerfile = Dockerfile
		README.md = README.md
		README.zh-CN.md = README.zh-CN.md
	EndProjectSection
EndProject
Project("{2150E333-8FDC-42A3-9474-1A3956D46DE8}") = ".github", ".github", "{D55C6F9E-03F1-4513-B944-154FB018F444}"
	ProjectSection(SolutionItems) = preProject
		.github\pull_request_template.md = .github\pull_request_template.md
	EndProjectSection
EndProject
Project("{2150E333-8FDC-42A3-9474-1A3956D46DE8}") = "workflows", "workflows", "{AE37A9DA-AF06-45D4-A691-7D922017B57D}"
	ProjectSection(SolutionItems) = preProject
		.github\workflows\close-stale.yml = .github\workflows\close-stale.yml
		.github\workflows\issue-labeled.yml = .github\workflows\issue-labeled.yml
		.github\workflows\mirror-gitlab.yml = .github\workflows\mirror-gitlab.yml
		.github\workflows\needs-triage.yml = .github\workflows\needs-triage.yml
		.github\workflows\pr-docs-next.yml = .github\workflows\pr-docs-next.yml
		.github\workflows\wasm-prd.yml = .github\workflows\wasm-prd.yml
		.github\workflows\wasm-try.yml = .github\workflows\wasm-try.yml
	EndProjectSection
EndProject
Project("{2150E333-8FDC-42A3-9474-1A3956D46DE8}") = "ISSUE_TEMPLATE", "ISSUE_TEMPLATE", "{4234D98C-4DCA-404D-AE9D-EB9DC91FC8DC}"
	ProjectSection(SolutionItems) = preProject
		.github\ISSUE_TEMPLATE\bug_report.md = .github\ISSUE_TEMPLATE\bug_report.md
		.github\ISSUE_TEMPLATE\feature_request.md = .github\ISSUE_TEMPLATE\feature_request.md
	EndProjectSection
EndProject
Project("{2150E333-8FDC-42A3-9474-1A3956D46DE8}") = "ApiGenerator", "ApiGenerator", "{54AFCA2A-8CF8-4FDE-8DF5-53C42053A611}"
EndProject
Project("{FAE04EC0-301F-11D3-BF4B-00C04F79EFBC}") = "Masa.Docs.Core", "docs\Masa.Docs.Core\Masa.Docs.Core.csproj", "{E89ECC0B-FF51-4A84-AFDE-A8DBFACF2208}"
EndProject
Project("{FAE04EC0-301F-11D3-BF4B-00C04F79EFBC}") = "Masa.Blazor.Docs", "docs\Masa.Blazor.Docs\Masa.Blazor.Docs.csproj", "{B278FBED-F723-4651-B8EE-2F7C2AE59C91}"
EndProject
Project("{FAE04EC0-301F-11D3-BF4B-00C04F79EFBC}") = "Masa.Docs.Shared", "docs\Masa.Docs.Shared\Masa.Docs.Shared.csproj", "{DEFB408C-5D0E-437F-9FAC-508BBDE255A7}"
EndProject
Project("{FAE04EC0-301F-11D3-BF4B-00C04F79EFBC}") = "Masa.Docs.Server", "docs\Masa.Docs.Server\Masa.Docs.Server.csproj", "{4C9C8096-1803-4DA4-B37F-976B76D9F6AC}"
EndProject
Project("{FAE04EC0-301F-11D3-BF4B-00C04F79EFBC}") = "Masa.Docs.WebAssembly", "docs\Masa.Docs.WebAssembly\Masa.Docs.WebAssembly.csproj", "{205A7827-829B-4A35-9796-48F5705499FB}"
EndProject
Project("{2150E333-8FDC-42A3-9474-1A3956D46DE8}") = "5 - Try", "5 - Try", "{CBCF9CD0-AB20-4747-B841-DE9BB197EE28}"
EndProject
Project("{FAE04EC0-301F-11D3-BF4B-00C04F79EFBC}") = "Masa.Try.Server", "src\Masa.Try.Server\Masa.Try.Server.csproj", "{B8AC9708-3DDC-4523-BCE3-656E37301B21}"
EndProject
Project("{FAE04EC0-301F-11D3-BF4B-00C04F79EFBC}") = "Masa.Try.Shared", "src\Masa.Try.Shared\Masa.Try.Shared.csproj", "{2CC061F3-6E19-4B8F-91F3-3640B9EEE908}"
EndProject
Project("{FAE04EC0-301F-11D3-BF4B-00C04F79EFBC}") = "Masa.Try.WebAssembly", "src\Masa.Try.WebAssembly\Masa.Try.WebAssembly.csproj", "{5D90677E-3422-4CB2-A006-288880B3A010}"
EndProject
Project("{FAE04EC0-301F-11D3-BF4B-00C04F79EFBC}") = "Masa.Blazor.Docs.ApiGenerator", "src\Masa.Blazor.Docs.ApiGenerator\Masa.Blazor.Docs.ApiGenerator.csproj", "{B4B65E18-C212-47C1-A6DB-3C58402F42DC}"
EndProject
Project("{FAE04EC0-301F-11D3-BF4B-00C04F79EFBC}") = "Masa.Docs.Indexing", "docs\Masa.Docs.Indexing\Masa.Docs.Indexing.csproj", "{E7137978-72EC-41AD-83AC-6E82B9387644}"
EndProject
Project("{FAE04EC0-301F-11D3-BF4B-00C04F79EFBC}") = "Masa.Blazor.SomethingSkia", "src\Masa.Blazor.SomethingSkia\Masa.Blazor.SomethingSkia.csproj", "{E9278A51-B3F1-4DE6-870A-C3F7CCDCE851}"
EndProject
Project("{FAE04EC0-301F-11D3-BF4B-00C04F79EFBC}") = "Masa.Blazor.Docs.ComponentApiGenerator", "src\Masa.Blazor.Docs.ComponentApiGenerator\Masa.Blazor.Docs.ComponentApiGenerator.csproj", "{E3FB7E73-F0BD-4C17-8C95-B12925D4F186}"
EndProject
Project("{FAE04EC0-301F-11D3-BF4B-00C04F79EFBC}") = "Masa.Blazor.Playground", "src\Masa.Blazor.Playground\Masa.Blazor.Playground.csproj", "{07665478-645F-4E5D-A8E6-8AF711D4FA89}"
EndProject
Global
	GlobalSection(SolutionConfigurationPlatforms) = preSolution
		Debug|Any CPU = Debug|Any CPU
		Release|Any CPU = Release|Any CPU
	EndGlobalSection
	GlobalSection(ProjectConfigurationPlatforms) = postSolution
		{A26B0575-A04B-45AD-BDCD-9D526C9BA387}.Debug|Any CPU.ActiveCfg = Debug|Any CPU
		{A26B0575-A04B-45AD-BDCD-9D526C9BA387}.Debug|Any CPU.Build.0 = Debug|Any CPU
		{A26B0575-A04B-45AD-BDCD-9D526C9BA387}.Release|Any CPU.ActiveCfg = Release|Any CPU
		{A26B0575-A04B-45AD-BDCD-9D526C9BA387}.Release|Any CPU.Build.0 = Release|Any CPU
		{143D6DBA-B26D-4336-AFF9-EAF9381A32AD}.Debug|Any CPU.ActiveCfg = Debug|Any CPU
		{143D6DBA-B26D-4336-AFF9-EAF9381A32AD}.Debug|Any CPU.Build.0 = Debug|Any CPU
		{143D6DBA-B26D-4336-AFF9-EAF9381A32AD}.Release|Any CPU.ActiveCfg = Release|Any CPU
		{143D6DBA-B26D-4336-AFF9-EAF9381A32AD}.Release|Any CPU.Build.0 = Release|Any CPU
		{9CF342BF-C6B8-4D6A-BCF9-3CF51F2E5742}.Debug|Any CPU.ActiveCfg = Debug|Any CPU
		{9CF342BF-C6B8-4D6A-BCF9-3CF51F2E5742}.Debug|Any CPU.Build.0 = Debug|Any CPU
		{9CF342BF-C6B8-4D6A-BCF9-3CF51F2E5742}.Release|Any CPU.ActiveCfg = Release|Any CPU
		{9CF342BF-C6B8-4D6A-BCF9-3CF51F2E5742}.Release|Any CPU.Build.0 = Release|Any CPU
		{587736B8-88E4-4490-938F-938E61E6BC47}.Debug|Any CPU.ActiveCfg = Debug|Any CPU
		{587736B8-88E4-4490-938F-938E61E6BC47}.Debug|Any CPU.Build.0 = Debug|Any CPU
		{587736B8-88E4-4490-938F-938E61E6BC47}.Release|Any CPU.ActiveCfg = Release|Any CPU
		{587736B8-88E4-4490-938F-938E61E6BC47}.Release|Any CPU.Build.0 = Release|Any CPU
		{E6FDA936-BD5B-4BE4-B447-D2A1A406E276}.Debug|Any CPU.ActiveCfg = Debug|Any CPU
		{E6FDA936-BD5B-4BE4-B447-D2A1A406E276}.Debug|Any CPU.Build.0 = Debug|Any CPU
		{E6FDA936-BD5B-4BE4-B447-D2A1A406E276}.Release|Any CPU.ActiveCfg = Release|Any CPU
		{E6FDA936-BD5B-4BE4-B447-D2A1A406E276}.Release|Any CPU.Build.0 = Release|Any CPU
		{E89ECC0B-FF51-4A84-AFDE-A8DBFACF2208}.Debug|Any CPU.ActiveCfg = Debug|Any CPU
		{E89ECC0B-FF51-4A84-AFDE-A8DBFACF2208}.Debug|Any CPU.Build.0 = Debug|Any CPU
		{E89ECC0B-FF51-4A84-AFDE-A8DBFACF2208}.Release|Any CPU.ActiveCfg = Release|Any CPU
		{E89ECC0B-FF51-4A84-AFDE-A8DBFACF2208}.Release|Any CPU.Build.0 = Release|Any CPU
		{B278FBED-F723-4651-B8EE-2F7C2AE59C91}.Debug|Any CPU.ActiveCfg = Debug|Any CPU
		{B278FBED-F723-4651-B8EE-2F7C2AE59C91}.Debug|Any CPU.Build.0 = Debug|Any CPU
		{B278FBED-F723-4651-B8EE-2F7C2AE59C91}.Release|Any CPU.ActiveCfg = Release|Any CPU
		{B278FBED-F723-4651-B8EE-2F7C2AE59C91}.Release|Any CPU.Build.0 = Release|Any CPU
		{DEFB408C-5D0E-437F-9FAC-508BBDE255A7}.Debug|Any CPU.ActiveCfg = Debug|Any CPU
		{DEFB408C-5D0E-437F-9FAC-508BBDE255A7}.Debug|Any CPU.Build.0 = Debug|Any CPU
		{DEFB408C-5D0E-437F-9FAC-508BBDE255A7}.Release|Any CPU.ActiveCfg = Release|Any CPU
		{DEFB408C-5D0E-437F-9FAC-508BBDE255A7}.Release|Any CPU.Build.0 = Release|Any CPU
		{4C9C8096-1803-4DA4-B37F-976B76D9F6AC}.Debug|Any CPU.ActiveCfg = Debug|Any CPU
		{4C9C8096-1803-4DA4-B37F-976B76D9F6AC}.Debug|Any CPU.Build.0 = Debug|Any CPU
		{4C9C8096-1803-4DA4-B37F-976B76D9F6AC}.Release|Any CPU.ActiveCfg = Release|Any CPU
		{4C9C8096-1803-4DA4-B37F-976B76D9F6AC}.Release|Any CPU.Build.0 = Release|Any CPU
		{205A7827-829B-4A35-9796-48F5705499FB}.Debug|Any CPU.ActiveCfg = Debug|Any CPU
		{205A7827-829B-4A35-9796-48F5705499FB}.Debug|Any CPU.Build.0 = Debug|Any CPU
		{205A7827-829B-4A35-9796-48F5705499FB}.Release|Any CPU.ActiveCfg = Release|Any CPU
		{205A7827-829B-4A35-9796-48F5705499FB}.Release|Any CPU.Build.0 = Release|Any CPU
		{B8AC9708-3DDC-4523-BCE3-656E37301B21}.Debug|Any CPU.ActiveCfg = Debug|Any CPU
		{B8AC9708-3DDC-4523-BCE3-656E37301B21}.Debug|Any CPU.Build.0 = Debug|Any CPU
		{B8AC9708-3DDC-4523-BCE3-656E37301B21}.Release|Any CPU.ActiveCfg = Release|Any CPU
		{B8AC9708-3DDC-4523-BCE3-656E37301B21}.Release|Any CPU.Build.0 = Release|Any CPU
		{2CC061F3-6E19-4B8F-91F3-3640B9EEE908}.Debug|Any CPU.ActiveCfg = Debug|Any CPU
		{2CC061F3-6E19-4B8F-91F3-3640B9EEE908}.Debug|Any CPU.Build.0 = Debug|Any CPU
		{2CC061F3-6E19-4B8F-91F3-3640B9EEE908}.Release|Any CPU.ActiveCfg = Release|Any CPU
		{2CC061F3-6E19-4B8F-91F3-3640B9EEE908}.Release|Any CPU.Build.0 = Release|Any CPU
		{5D90677E-3422-4CB2-A006-288880B3A010}.Debug|Any CPU.ActiveCfg = Debug|Any CPU
		{5D90677E-3422-4CB2-A006-288880B3A010}.Debug|Any CPU.Build.0 = Debug|Any CPU
		{5D90677E-3422-4CB2-A006-288880B3A010}.Release|Any CPU.ActiveCfg = Release|Any CPU
		{5D90677E-3422-4CB2-A006-288880B3A010}.Release|Any CPU.Build.0 = Release|Any CPU
		{B4B65E18-C212-47C1-A6DB-3C58402F42DC}.Debug|Any CPU.ActiveCfg = Debug|Any CPU
		{B4B65E18-C212-47C1-A6DB-3C58402F42DC}.Debug|Any CPU.Build.0 = Debug|Any CPU
		{B4B65E18-C212-47C1-A6DB-3C58402F42DC}.Release|Any CPU.ActiveCfg = Release|Any CPU
		{B4B65E18-C212-47C1-A6DB-3C58402F42DC}.Release|Any CPU.Build.0 = Release|Any CPU
		{BEF692C4-7DD3-4458-B734-36567A0D5109}.Debug|Any CPU.ActiveCfg = Debug|Any CPU
		{BEF692C4-7DD3-4458-B734-36567A0D5109}.Debug|Any CPU.Build.0 = Debug|Any CPU
		{BEF692C4-7DD3-4458-B734-36567A0D5109}.Release|Any CPU.ActiveCfg = Release|Any CPU
		{BEF692C4-7DD3-4458-B734-36567A0D5109}.Release|Any CPU.Build.0 = Release|Any CPU
		{E7137978-72EC-41AD-83AC-6E82B9387644}.Debug|Any CPU.ActiveCfg = Debug|Any CPU
		{E7137978-72EC-41AD-83AC-6E82B9387644}.Debug|Any CPU.Build.0 = Debug|Any CPU
		{E7137978-72EC-41AD-83AC-6E82B9387644}.Release|Any CPU.ActiveCfg = Release|Any CPU
		{E7137978-72EC-41AD-83AC-6E82B9387644}.Release|Any CPU.Build.0 = Release|Any CPU
		{325C9F82-5405-47C0-8A9D-075869D6315D}.Debug|Any CPU.ActiveCfg = Debug|Any CPU
		{325C9F82-5405-47C0-8A9D-075869D6315D}.Debug|Any CPU.Build.0 = Debug|Any CPU
		{325C9F82-5405-47C0-8A9D-075869D6315D}.Release|Any CPU.ActiveCfg = Release|Any CPU
		{325C9F82-5405-47C0-8A9D-075869D6315D}.Release|Any CPU.Build.0 = Release|Any CPU
		{E9278A51-B3F1-4DE6-870A-C3F7CCDCE851}.Debug|Any CPU.ActiveCfg = Debug|Any CPU
		{E9278A51-B3F1-4DE6-870A-C3F7CCDCE851}.Debug|Any CPU.Build.0 = Debug|Any CPU
		{E9278A51-B3F1-4DE6-870A-C3F7CCDCE851}.Release|Any CPU.ActiveCfg = Release|Any CPU
		{E9278A51-B3F1-4DE6-870A-C3F7CCDCE851}.Release|Any CPU.Build.0 = Release|Any CPU
		{E3FB7E73-F0BD-4C17-8C95-B12925D4F186}.Debug|Any CPU.ActiveCfg = Debug|Any CPU
		{E3FB7E73-F0BD-4C17-8C95-B12925D4F186}.Debug|Any CPU.Build.0 = Debug|Any CPU
		{E3FB7E73-F0BD-4C17-8C95-B12925D4F186}.Release|Any CPU.ActiveCfg = Release|Any CPU
		{E3FB7E73-F0BD-4C17-8C95-B12925D4F186}.Release|Any CPU.Build.0 = Release|Any CPU
		{07665478-645F-4E5D-A8E6-8AF711D4FA89}.Debug|Any CPU.ActiveCfg = Debug|Any CPU
		{07665478-645F-4E5D-A8E6-8AF711D4FA89}.Debug|Any CPU.Build.0 = Debug|Any CPU
		{07665478-645F-4E5D-A8E6-8AF711D4FA89}.Release|Any CPU.ActiveCfg = Release|Any CPU
		{07665478-645F-4E5D-A8E6-8AF711D4FA89}.Release|Any CPU.Build.0 = Release|Any CPU
	EndGlobalSection
	GlobalSection(SolutionProperties) = preSolution
		HideSolutionNode = FALSE
	EndGlobalSection
	GlobalSection(NestedProjects) = preSolution
		{214C29AE-7E61-4087-9B0A-F2CA9A03006D} = {6D52B20D-5559-4E10-8386-4B6AD391A6A1}
		{A26B0575-A04B-45AD-BDCD-9D526C9BA387} = {316905B8-A702-4A0A-970A-6A663DEC29F6}
		{143D6DBA-B26D-4336-AFF9-EAF9381A32AD} = {316905B8-A702-4A0A-970A-6A663DEC29F6}
		{9CF342BF-C6B8-4D6A-BCF9-3CF51F2E5742} = {214C29AE-7E61-4087-9B0A-F2CA9A03006D}
		{587736B8-88E4-4490-938F-938E61E6BC47} = {214C29AE-7E61-4087-9B0A-F2CA9A03006D}
		{E6FDA936-BD5B-4BE4-B447-D2A1A406E276} = {5512BB36-2B84-4BB9-B102-C644E3EF5212}
		{D55C6F9E-03F1-4513-B944-154FB018F444} = {6C182DFB-BEED-4970-BDF8-2988032AB445}
		{AE37A9DA-AF06-45D4-A691-7D922017B57D} = {D55C6F9E-03F1-4513-B944-154FB018F444}
		{4234D98C-4DCA-404D-AE9D-EB9DC91FC8DC} = {D55C6F9E-03F1-4513-B944-154FB018F444}
		{54AFCA2A-8CF8-4FDE-8DF5-53C42053A611} = {6D52B20D-5559-4E10-8386-4B6AD391A6A1}
		{E89ECC0B-FF51-4A84-AFDE-A8DBFACF2208} = {6D52B20D-5559-4E10-8386-4B6AD391A6A1}
		{B278FBED-F723-4651-B8EE-2F7C2AE59C91} = {214C29AE-7E61-4087-9B0A-F2CA9A03006D}
		{DEFB408C-5D0E-437F-9FAC-508BBDE255A7} = {6D52B20D-5559-4E10-8386-4B6AD391A6A1}
		{4C9C8096-1803-4DA4-B37F-976B76D9F6AC} = {6D52B20D-5559-4E10-8386-4B6AD391A6A1}
		{205A7827-829B-4A35-9796-48F5705499FB} = {6D52B20D-5559-4E10-8386-4B6AD391A6A1}
		{B8AC9708-3DDC-4523-BCE3-656E37301B21} = {CBCF9CD0-AB20-4747-B841-DE9BB197EE28}
		{2CC061F3-6E19-4B8F-91F3-3640B9EEE908} = {CBCF9CD0-AB20-4747-B841-DE9BB197EE28}
		{5D90677E-3422-4CB2-A006-288880B3A010} = {CBCF9CD0-AB20-4747-B841-DE9BB197EE28}
		{B4B65E18-C212-47C1-A6DB-3C58402F42DC} = {54AFCA2A-8CF8-4FDE-8DF5-53C42053A611}
		{E7137978-72EC-41AD-83AC-6E82B9387644} = {6D52B20D-5559-4E10-8386-4B6AD391A6A1}
		{E9278A51-B3F1-4DE6-870A-C3F7CCDCE851} = {316905B8-A702-4A0A-970A-6A663DEC29F6}
		{E3FB7E73-F0BD-4C17-8C95-B12925D4F186} = {54AFCA2A-8CF8-4FDE-8DF5-53C42053A611}
		{07665478-645F-4E5D-A8E6-8AF711D4FA89} = {00B4BEE6-3D40-4E40-8B23-D238DCE75F36}
	EndGlobalSection
	GlobalSection(ExtensibilityGlobals) = postSolution
		SolutionGuid = {9F25C776-A200-4DEB-8F8B-9D1FA2CDC740}
	EndGlobalSection
EndGlobal
