
Microsoft Visual Studio Solution File, Format Version 12.00
# Visual Studio Version 17
VisualStudioVersion = 17.0.31903.59
MinimumVisualStudioVersion = 10.0.40219.1
Project("{FAE04EC0-301F-11D3-BF4B-00C04F79EFBC}") = "Masa.Blazor", "src\Masa.Blazor\Masa.Blazor.csproj", "{729665A4-B387-4E03-A27D-0D72BF1E3169}"
EndProject
Project("{FAE04EC0-301F-11D3-BF4B-00C04F79EFBC}") = "Masa.Blazor.SourceGenerator", "src\Masa.Blazor.SourceGenerator\Masa.Blazor.SourceGenerator.csproj", "{D6A1F4BF-6120-4AFC-9A61-4DD0BFECDD91}"
EndProject
Project("{FAE04EC0-301F-11D3-BF4B-00C04F79EFBC}") = "Masa.Blazor.Components.TemplateTable", "src\TemplateTable\src\Masa.Blazor.Components.TemplateTable\Masa.Blazor.Components.TemplateTable.csproj", "{AEE9B18A-DA62-48D8-BFFD-7BF444992858}"
EndProject
Project("{FAE04EC0-301F-11D3-BF4B-00C04F79EFBC}") = "Masa.Blazor.Components.TemplateTable.Cubejs.GraphQL", "src\TemplateTable\src\Masa.Blazor.Components.TemplateTable.Cubejs.GraphQL\Masa.Blazor.Components.TemplateTable.Cubejs.GraphQL.csproj", "{51F63571-5A3C-4F83-BD2F-AA34BA270C38}"
EndProject
Project("{FAE04EC0-301F-11D3-BF4B-00C04F79EFBC}") = "Masa.Blazor.Components.TemplateTable.HotChocolate", "src\TemplateTable\src\Masa.Blazor.Components.TemplateTable.HotChocolate\Masa.Blazor.Components.TemplateTable.HotChocolate.csproj", "{59196092-637E-4565-B8CC-9C89645D5550}"
EndProject
Project("{FAE04EC0-301F-11D3-BF4B-00C04F79EFBC}") = "Masa.Blazor.Components.TemplateTable.Test", "src\TemplateTable\test\Masa.Blazor.Components.TemplateTable.Test\Masa.Blazor.Components.TemplateTable.Test.csproj", "{64FFAFB2-C60A-4BA7-A7A6-3FF3C6AA6CDC}"
EndProject
Project("{FAE04EC0-301F-11D3-BF4B-00C04F79EFBC}") = "HotChocolateDemo", "src\TemplateTable\samples\HotChocolateDemo\HotChocolateDemo.csproj", "{4058B35F-7D0E-4187-B08A-0B58A972D7DC}"
EndProject
Project("{FAE04EC0-301F-11D3-BF4B-00C04F79EFBC}") = "Masa.Blazor.Components.TemplateTable.Contracts", "src\TemplateTable\src\Masa.Blazor.Components.TemplateTable.Contracts\Masa.Blazor.Components.TemplateTable.Contracts.csproj", "{1F855A75-5836-4D4A-92F7-C64BDF8290D1}"
EndProject
Project("{2150E333-8FDC-42A3-9474-1A3956D46DE8}") = "Samples", "Samples", "{12948857-9047-4D82-B1B6-29FC9A963E56}"
EndProject
Project("{FAE04EC0-301F-11D3-BF4B-00C04F79EFBC}") = "TemplateTableSample.AppHost", "src\TemplateTable\samples\TemplateTableSample.AppHost\TemplateTableSample.AppHost.csproj", "{64FDC99A-D86A-482F-B1D4-B1A98495D6B8}"
EndProject
Project("{FAE04EC0-301F-11D3-BF4B-00C04F79EFBC}") = "TemplateTableSample.ServiceDefaults", "src\TemplateTable\samples\TemplateTableSample.ServiceDefaults\TemplateTableSample.ServiceDefaults.csproj", "{D5517A9F-1A48-4E7D-9398-B4AF0B12C784}"
EndProject
Project("{FAE04EC0-301F-11D3-BF4B-00C04F79EFBC}") = "Masa.Blazor.Components.TemplateTable.Abstractions", "src\TemplateTable\src\Masa.Blazor.Components.TemplateTable.Abstractions\Masa.Blazor.Components.TemplateTable.Abstractions.csproj", "{5B824726-C6F7-4E6F-A6D9-FAA2252C4BDE}"
EndProject
Project("{FAE04EC0-301F-11D3-BF4B-00C04F79EFBC}") = "TemplateTableSample.UI", "src\TemplateTable\samples\TemplateTableSample.UI\TemplateTableSample.UI.csproj", "{C528E18F-BCF9-4DA7-8267-BD1E2B513995}"
EndProject
Global
	GlobalSection(SolutionConfigurationPlatforms) = preSolution
		Debug|Any CPU = Debug|Any CPU
		Release|Any CPU = Release|Any CPU
	EndGlobalSection
	GlobalSection(ProjectConfigurationPlatforms) = postSolution
		{729665A4-B387-4E03-A27D-0D72BF1E3169}.Debug|Any CPU.ActiveCfg = Debug|Any CPU
		{729665A4-B387-4E03-A27D-0D72BF1E3169}.Debug|Any CPU.Build.0 = Debug|Any CPU
		{729665A4-B387-4E03-A27D-0D72BF1E3169}.Release|Any CPU.ActiveCfg = Release|Any CPU
		{729665A4-B387-4E03-A27D-0D72BF1E3169}.Release|Any CPU.Build.0 = Release|Any CPU
		{D6A1F4BF-6120-4AFC-9A61-4DD0BFECDD91}.Debug|Any CPU.ActiveCfg = Debug|Any CPU
		{D6A1F4BF-6120-4AFC-9A61-4DD0BFECDD91}.Debug|Any CPU.Build.0 = Debug|Any CPU
		{D6A1F4BF-6120-4AFC-9A61-4DD0BFECDD91}.Release|Any CPU.ActiveCfg = Release|Any CPU
		{D6A1F4BF-6120-4AFC-9A61-4DD0BFECDD91}.Release|Any CPU.Build.0 = Release|Any CPU
		{AEE9B18A-DA62-48D8-BFFD-7BF444992858}.Debug|Any CPU.ActiveCfg = Debug|Any CPU
		{AEE9B18A-DA62-48D8-BFFD-7BF444992858}.Debug|Any CPU.Build.0 = Debug|Any CPU
		{AEE9B18A-DA62-48D8-BFFD-7BF444992858}.Release|Any CPU.ActiveCfg = Release|Any CPU
		{AEE9B18A-DA62-48D8-BFFD-7BF444992858}.Release|Any CPU.Build.0 = Release|Any CPU
		{51F63571-5A3C-4F83-BD2F-AA34BA270C38}.Debug|Any CPU.ActiveCfg = Debug|Any CPU
		{51F63571-5A3C-4F83-BD2F-AA34BA270C38}.Debug|Any CPU.Build.0 = Debug|Any CPU
		{51F63571-5A3C-4F83-BD2F-AA34BA270C38}.Release|Any CPU.ActiveCfg = Release|Any CPU
		{51F63571-5A3C-4F83-BD2F-AA34BA270C38}.Release|Any CPU.Build.0 = Release|Any CPU
		{59196092-637E-4565-B8CC-9C89645D5550}.Debug|Any CPU.ActiveCfg = Debug|Any CPU
		{59196092-637E-4565-B8CC-9C89645D5550}.Debug|Any CPU.Build.0 = Debug|Any CPU
		{59196092-637E-4565-B8CC-9C89645D5550}.Release|Any CPU.ActiveCfg = Release|Any CPU
		{59196092-637E-4565-B8CC-9C89645D5550}.Release|Any CPU.Build.0 = Release|Any CPU
		{64FFAFB2-C60A-4BA7-A7A6-3FF3C6AA6CDC}.Debug|Any CPU.ActiveCfg = Debug|Any CPU
		{64FFAFB2-C60A-4BA7-A7A6-3FF3C6AA6CDC}.Debug|Any CPU.Build.0 = Debug|Any CPU
		{64FFAFB2-C60A-4BA7-A7A6-3FF3C6AA6CDC}.Release|Any CPU.ActiveCfg = Release|Any CPU
		{64FFAFB2-C60A-4BA7-A7A6-3FF3C6AA6CDC}.Release|Any CPU.Build.0 = Release|Any CPU
		{4058B35F-7D0E-4187-B08A-0B58A972D7DC}.Debug|Any CPU.ActiveCfg = Debug|Any CPU
		{4058B35F-7D0E-4187-B08A-0B58A972D7DC}.Debug|Any CPU.Build.0 = Debug|Any CPU
		{4058B35F-7D0E-4187-B08A-0B58A972D7DC}.Release|Any CPU.ActiveCfg = Release|Any CPU
		{4058B35F-7D0E-4187-B08A-0B58A972D7DC}.Release|Any CPU.Build.0 = Release|Any CPU
		{1F855A75-5836-4D4A-92F7-C64BDF8290D1}.Debug|Any CPU.ActiveCfg = Debug|Any CPU
		{1F855A75-5836-4D4A-92F7-C64BDF8290D1}.Debug|Any CPU.Build.0 = Debug|Any CPU
		{1F855A75-5836-4D4A-92F7-C64BDF8290D1}.Release|Any CPU.ActiveCfg = Release|Any CPU
		{1F855A75-5836-4D4A-92F7-C64BDF8290D1}.Release|Any CPU.Build.0 = Release|Any CPU
		{64FDC99A-D86A-482F-B1D4-B1A98495D6B8}.Debug|Any CPU.ActiveCfg = Debug|Any CPU
		{64FDC99A-D86A-482F-B1D4-B1A98495D6B8}.Debug|Any CPU.Build.0 = Debug|Any CPU
		{64FDC99A-D86A-482F-B1D4-B1A98495D6B8}.Release|Any CPU.ActiveCfg = Release|Any CPU
		{64FDC99A-D86A-482F-B1D4-B1A98495D6B8}.Release|Any CPU.Build.0 = Release|Any CPU
		{D5517A9F-1A48-4E7D-9398-B4AF0B12C784}.Debug|Any CPU.ActiveCfg = Debug|Any CPU
		{D5517A9F-1A48-4E7D-9398-B4AF0B12C784}.Debug|Any CPU.Build.0 = Debug|Any CPU
		{D5517A9F-1A48-4E7D-9398-B4AF0B12C784}.Release|Any CPU.ActiveCfg = Release|Any CPU
		{D5517A9F-1A48-4E7D-9398-B4AF0B12C784}.Release|Any CPU.Build.0 = Release|Any CPU
		{5B824726-C6F7-4E6F-A6D9-FAA2252C4BDE}.Debug|Any CPU.ActiveCfg = Debug|Any CPU
		{5B824726-C6F7-4E6F-A6D9-FAA2252C4BDE}.Debug|Any CPU.Build.0 = Debug|Any CPU
		{5B824726-C6F7-4E6F-A6D9-FAA2252C4BDE}.Release|Any CPU.ActiveCfg = Release|Any CPU
		{5B824726-C6F7-4E6F-A6D9-FAA2252C4BDE}.Release|Any CPU.Build.0 = Release|Any CPU
		{C528E18F-BCF9-4DA7-8267-BD1E2B513995}.Debug|Any CPU.ActiveCfg = Debug|Any CPU
		{C528E18F-BCF9-4DA7-8267-BD1E2B513995}.Debug|Any CPU.Build.0 = Debug|Any CPU
		{C528E18F-BCF9-4DA7-8267-BD1E2B513995}.Release|Any CPU.ActiveCfg = Release|Any CPU
		{C528E18F-BCF9-4DA7-8267-BD1E2B513995}.Release|Any CPU.Build.0 = Release|Any CPU
	EndGlobalSection
	GlobalSection(SolutionProperties) = preSolution
		HideSolutionNode = FALSE
	EndGlobalSection
	GlobalSection(NestedProjects) = preSolution
		{4058B35F-7D0E-4187-B08A-0B58A972D7DC} = {12948857-9047-4D82-B1B6-29FC9A963E56}
		{64FDC99A-D86A-482F-B1D4-B1A98495D6B8} = {12948857-9047-4D82-B1B6-29FC9A963E56}
		{D5517A9F-1A48-4E7D-9398-B4AF0B12C784} = {12948857-9047-4D82-B1B6-29FC9A963E56}
		{C528E18F-BCF9-4DA7-8267-BD1E2B513995} = {12948857-9047-4D82-B1B6-29FC9A963E56}
	EndGlobalSection
EndGlobal
