
Microsoft Visual Studio Solution File, Format Version 12.00
# Visual Studio Version 17
VisualStudioVersion = 17.0.31612.314
MinimumVisualStudioVersion = 10.0.40219.1
Project("{2150E333-8FDC-42A3-9474-1A3956D46DE8}") = "1 - Test", "1 - Test", "{36464F3B-943E-461E-BB5D-D5FC49D29C52}"
EndProject
Project("{2150E333-8FDC-42A3-9474-1A3956D46DE8}") = "2 - Component", "2 - Component", "{3557F7E2-02EC-473A-8E8C-2BB5DF75CD50}"
EndProject
Project("{2150E333-8FDC-42A3-9474-1A3956D46DE8}") = "9 - Solution Items", "9 - Solution Items", "{5BEB122B-4767-418D-9F44-F0B1D6124F8B}"
	ProjectSection(SolutionItems) = preProject
		.gitlab-ci.yml = .gitlab-ci.yml
		CHANGELOG = CHANGELOG
		CONTRIBUTING.md = CONTRIBUTING.md
		README.md = README.md
		README.zh-CN.md = README.zh-CN.md
	EndProjectSection
EndProject
Project("{9A19103F-16F7-4668-BE54-9A1E7A4F7556}") = "Masa.Blazor.Test", "Test\Masa.Blazor.Test\Masa.Blazor.Test.csproj", "{9A212382-60C9-492E-BC40-DB1DE7FF9603}"
EndProject
Project("{2150E333-8FDC-42A3-9474-1A3956D46DE8}") = "3 - Development", "3 - Development", "{21B82E2C-5E8C-4333-9D74-8F5B32232A62}"
EndProject
Project("{FAE04EC0-301F-11D3-BF4B-00C04F79EFBC}") = "BlazorComponent", "src\BlazorComponent\src\Component\BlazorComponent\BlazorComponent.csproj", "{48514335-CC34-42D1-8FCD-F31D2C2FCB09}"
EndProject
Project("{FAE04EC0-301F-11D3-BF4B-00C04F79EFBC}") = "Masa.Blazor", "src\Masa.Blazor\Masa.Blazor.csproj", "{4E522FB7-1C72-4057-B0FC-774F9CE7E1A9}"
EndProject
Project("{FAE04EC0-301F-11D3-BF4B-00C04F79EFBC}") = "Masa.Blazor.Playground", "src\Masa.Blazor.Playground\Masa.Blazor.Playground.csproj", "{6F1CE97D-27F6-4779-B2A7-1EA29DFEAB3E}"
EndProject
Global
	GlobalSection(SolutionConfigurationPlatforms) = preSolution
		Debug|Any CPU = Debug|Any CPU
		Debug|x64 = Debug|x64
		Release|Any CPU = Release|Any CPU
		Release|x64 = Release|x64
	EndGlobalSection
	GlobalSection(ProjectConfigurationPlatforms) = postSolution
		{9A212382-60C9-492E-BC40-DB1DE7FF9603}.Debug|Any CPU.ActiveCfg = Debug|Any CPU
		{9A212382-60C9-492E-BC40-DB1DE7FF9603}.Debug|Any CPU.Build.0 = Debug|Any CPU
		{9A212382-60C9-492E-BC40-DB1DE7FF9603}.Debug|x64.ActiveCfg = Debug|Any CPU
		{9A212382-60C9-492E-BC40-DB1DE7FF9603}.Debug|x64.Build.0 = Debug|Any CPU
		{9A212382-60C9-492E-BC40-DB1DE7FF9603}.Release|Any CPU.ActiveCfg = Release|Any CPU
		{9A212382-60C9-492E-BC40-DB1DE7FF9603}.Release|Any CPU.Build.0 = Release|Any CPU
		{9A212382-60C9-492E-BC40-DB1DE7FF9603}.Release|x64.ActiveCfg = Release|Any CPU
		{9A212382-60C9-492E-BC40-DB1DE7FF9603}.Release|x64.Build.0 = Release|Any CPU
		{48514335-CC34-42D1-8FCD-F31D2C2FCB09}.Debug|Any CPU.ActiveCfg = Debug|Any CPU
		{48514335-CC34-42D1-8FCD-F31D2C2FCB09}.Debug|Any CPU.Build.0 = Debug|Any CPU
		{48514335-CC34-42D1-8FCD-F31D2C2FCB09}.Debug|x64.ActiveCfg = Debug|Any CPU
		{48514335-CC34-42D1-8FCD-F31D2C2FCB09}.Debug|x64.Build.0 = Debug|Any CPU
		{48514335-CC34-42D1-8FCD-F31D2C2FCB09}.Release|Any CPU.ActiveCfg = Release|Any CPU
		{48514335-CC34-42D1-8FCD-F31D2C2FCB09}.Release|Any CPU.Build.0 = Release|Any CPU
		{48514335-CC34-42D1-8FCD-F31D2C2FCB09}.Release|x64.ActiveCfg = Release|Any CPU
		{48514335-CC34-42D1-8FCD-F31D2C2FCB09}.Release|x64.Build.0 = Release|Any CPU
		{4E522FB7-1C72-4057-B0FC-774F9CE7E1A9}.Debug|Any CPU.ActiveCfg = Debug|Any CPU
		{4E522FB7-1C72-4057-B0FC-774F9CE7E1A9}.Debug|Any CPU.Build.0 = Debug|Any CPU
		{4E522FB7-1C72-4057-B0FC-774F9CE7E1A9}.Debug|x64.ActiveCfg = Debug|Any CPU
		{4E522FB7-1C72-4057-B0FC-774F9CE7E1A9}.Debug|x64.Build.0 = Debug|Any CPU
		{4E522FB7-1C72-4057-B0FC-774F9CE7E1A9}.Release|Any CPU.ActiveCfg = Release|Any CPU
		{4E522FB7-1C72-4057-B0FC-774F9CE7E1A9}.Release|Any CPU.Build.0 = Release|Any CPU
		{4E522FB7-1C72-4057-B0FC-774F9CE7E1A9}.Release|x64.ActiveCfg = Release|Any CPU
		{4E522FB7-1C72-4057-B0FC-774F9CE7E1A9}.Release|x64.Build.0 = Release|Any CPU
		{6F1CE97D-27F6-4779-B2A7-1EA29DFEAB3E}.Debug|Any CPU.ActiveCfg = Debug|Any CPU
		{6F1CE97D-27F6-4779-B2A7-1EA29DFEAB3E}.Debug|Any CPU.Build.0 = Debug|Any CPU
		{6F1CE97D-27F6-4779-B2A7-1EA29DFEAB3E}.Debug|x64.ActiveCfg = Debug|Any CPU
		{6F1CE97D-27F6-4779-B2A7-1EA29DFEAB3E}.Debug|x64.Build.0 = Debug|Any CPU
		{6F1CE97D-27F6-4779-B2A7-1EA29DFEAB3E}.Release|Any CPU.ActiveCfg = Release|Any CPU
		{6F1CE97D-27F6-4779-B2A7-1EA29DFEAB3E}.Release|Any CPU.Build.0 = Release|Any CPU
		{6F1CE97D-27F6-4779-B2A7-1EA29DFEAB3E}.Release|x64.ActiveCfg = Release|Any CPU
		{6F1CE97D-27F6-4779-B2A7-1EA29DFEAB3E}.Release|x64.Build.0 = Release|Any CPU
	EndGlobalSection
	GlobalSection(SolutionProperties) = preSolution
		HideSolutionNode = FALSE
	EndGlobalSection
	GlobalSection(NestedProjects) = preSolution
		{9A212382-60C9-492E-BC40-DB1DE7FF9603} = {36464F3B-943E-461E-BB5D-D5FC49D29C52}
		{48514335-CC34-42D1-8FCD-F31D2C2FCB09} = {3557F7E2-02EC-473A-8E8C-2BB5DF75CD50}
		{4E522FB7-1C72-4057-B0FC-774F9CE7E1A9} = {3557F7E2-02EC-473A-8E8C-2BB5DF75CD50}
		{6F1CE97D-27F6-4779-B2A7-1EA29DFEAB3E} = {21B82E2C-5E8C-4333-9D74-8F5B32232A62}
	EndGlobalSection
	GlobalSection(ExtensibilityGlobals) = postSolution
		SolutionGuid = {84AEBCFA-2E9E-4942-9DD7-D6E1B05A1AF9}
	EndGlobalSection
EndGlobal
