
Microsoft Visual Studio Solution File, Format Version 12.00
# Visual Studio Version 17
VisualStudioVersion = 17.0.31903.59
MinimumVisualStudioVersion = 10.0.40219.1
Project("{9A19103F-16F7-4668-BE54-9A1E7A4F7556}") = "BlazorComponent", "src\BlazorComponent\src\Component\BlazorComponent\BlazorComponent.csproj", "{E44B505E-644E-4399-AAD5-F7726AEA86F9}"
EndProject
Project("{9A19103F-16F7-4668-BE54-9A1E7A4F7556}") = "Masa.Blazor", "src\Masa.Blazor\Masa.Blazor.csproj", "{961D5CBE-393B-4C65-B82D-4BA7F9433295}"
EndProject
Project("{9A19103F-16F7-4668-BE54-9A1E7A4F7556}") = "Masa.Docs.Shared", "docs\Masa.Docs.Shared\Masa.Docs.Shared.csproj", "{7C0A9B3A-ACF3-4742-84EA-7E6F987826E6}"
EndProject
Project("{9A19103F-16F7-4668-BE54-9A1E7A4F7556}") = "Masa.Framework.Docs", "docs\MASA.Docs\src\Masa.Framework.Docs\Masa.Framework.Docs.csproj", "{C72FA11E-E756-4475-8C82-82A6BCF6ACA0}"
EndProject
Project("{9A19103F-16F7-4668-BE54-9A1E7A4F7556}") = "Masa.Stack.Docs", "docs\MASA.Docs\src\Masa.Stack.Docs\Masa.Stack.Docs.csproj", "{619FCF67-9C64-4B28-80FC-F8E48EB863A3}"
EndProject
Project("{9A19103F-16F7-4668-BE54-9A1E7A4F7556}") = "Masa.Blazor.Docs", "docs\Masa.Blazor.Docs\Masa.Blazor.Docs.csproj", "{7F29908E-BACF-4E53-B621-D7F4052992BB}"
EndProject
Project("{9A19103F-16F7-4668-BE54-9A1E7A4F7556}") = "Masa.Docs.Core", "docs\Masa.Docs.Core\Masa.Docs.Core.csproj", "{90156980-2229-48E8-8CF8-1D09E99F0025}"
EndProject
Project("{9A19103F-16F7-4668-BE54-9A1E7A4F7556}") = "Masa.Docs.Server", "docs\Masa.Docs.Server\Masa.Docs.Server.csproj", "{C1BED814-051F-4083-BA97-EA78BBA4AC07}"
EndProject
Project("{9A19103F-16F7-4668-BE54-9A1E7A4F7556}") = "Masa.Docs.WebAssembly", "docs\Masa.Docs.WebAssembly\Masa.Docs.WebAssembly.csproj", "{2A74E4DF-147A-4C20-95DA-465F796E5AFD}"
EndProject
Project("{2150E333-8FDC-42A3-9474-1A3956D46DE8}") = "1 - Component", "1 - Component", "{CC0C651C-DD30-4DAD-872E-8AC484B712E5}"
EndProject
Project("{2150E333-8FDC-42A3-9474-1A3956D46DE8}") = "Product Docs", "Product Docs", "{D33F490D-1A15-44E0-BA04-291BAE3389EF}"
EndProject
Project("{2150E333-8FDC-42A3-9474-1A3956D46DE8}") = "ApiGenerator", "ApiGenerator", "{054B3CBA-328F-486A-8646-D398F604517F}"
EndProject
Project("{2150E333-8FDC-42A3-9474-1A3956D46DE8}") = "2 - Docs", "2 - Docs", "{3A19290D-DC10-4317-89B2-2B7CD1FD4723}"
EndProject
Project("{9A19103F-16F7-4668-BE54-9A1E7A4F7556}") = "Masa.Docs.Indexing", "docs\Masa.Docs.Indexing\Masa.Docs.Indexing.csproj", "{433C9654-78E3-4A08-9C88-EAED83FA6AF9}"
EndProject
Project("{9A19103F-16F7-4668-BE54-9A1E7A4F7556}") = "Masa.Blazor.Docs.ApiGenerator", "src\Masa.Blazor.Docs.ApiGenerator\Masa.Blazor.Docs.ApiGenerator.csproj", "{B4C84C46-7FB7-43CC-8F15-1CB5B04C3838}"
EndProject
Global
	GlobalSection(SolutionConfigurationPlatforms) = preSolution
		Debug|Any CPU = Debug|Any CPU
		Release|Any CPU = Release|Any CPU
	EndGlobalSection
	GlobalSection(ProjectConfigurationPlatforms) = postSolution
		{E44B505E-644E-4399-AAD5-F7726AEA86F9}.Debug|Any CPU.ActiveCfg = Debug|Any CPU
		{E44B505E-644E-4399-AAD5-F7726AEA86F9}.Debug|Any CPU.Build.0 = Debug|Any CPU
		{E44B505E-644E-4399-AAD5-F7726AEA86F9}.Release|Any CPU.ActiveCfg = Release|Any CPU
		{E44B505E-644E-4399-AAD5-F7726AEA86F9}.Release|Any CPU.Build.0 = Release|Any CPU
		{961D5CBE-393B-4C65-B82D-4BA7F9433295}.Debug|Any CPU.ActiveCfg = Debug|Any CPU
		{961D5CBE-393B-4C65-B82D-4BA7F9433295}.Debug|Any CPU.Build.0 = Debug|Any CPU
		{961D5CBE-393B-4C65-B82D-4BA7F9433295}.Release|Any CPU.ActiveCfg = Release|Any CPU
		{961D5CBE-393B-4C65-B82D-4BA7F9433295}.Release|Any CPU.Build.0 = Release|Any CPU
		{7C0A9B3A-ACF3-4742-84EA-7E6F987826E6}.Debug|Any CPU.ActiveCfg = Debug|Any CPU
		{7C0A9B3A-ACF3-4742-84EA-7E6F987826E6}.Debug|Any CPU.Build.0 = Debug|Any CPU
		{7C0A9B3A-ACF3-4742-84EA-7E6F987826E6}.Release|Any CPU.ActiveCfg = Release|Any CPU
		{7C0A9B3A-ACF3-4742-84EA-7E6F987826E6}.Release|Any CPU.Build.0 = Release|Any CPU
		{C72FA11E-E756-4475-8C82-82A6BCF6ACA0}.Debug|Any CPU.ActiveCfg = Debug|Any CPU
		{C72FA11E-E756-4475-8C82-82A6BCF6ACA0}.Debug|Any CPU.Build.0 = Debug|Any CPU
		{C72FA11E-E756-4475-8C82-82A6BCF6ACA0}.Release|Any CPU.ActiveCfg = Release|Any CPU
		{C72FA11E-E756-4475-8C82-82A6BCF6ACA0}.Release|Any CPU.Build.0 = Release|Any CPU
		{619FCF67-9C64-4B28-80FC-F8E48EB863A3}.Debug|Any CPU.ActiveCfg = Debug|Any CPU
		{619FCF67-9C64-4B28-80FC-F8E48EB863A3}.Debug|Any CPU.Build.0 = Debug|Any CPU
		{619FCF67-9C64-4B28-80FC-F8E48EB863A3}.Release|Any CPU.ActiveCfg = Release|Any CPU
		{619FCF67-9C64-4B28-80FC-F8E48EB863A3}.Release|Any CPU.Build.0 = Release|Any CPU
		{7F29908E-BACF-4E53-B621-D7F4052992BB}.Debug|Any CPU.ActiveCfg = Debug|Any CPU
		{7F29908E-BACF-4E53-B621-D7F4052992BB}.Debug|Any CPU.Build.0 = Debug|Any CPU
		{7F29908E-BACF-4E53-B621-D7F4052992BB}.Release|Any CPU.ActiveCfg = Release|Any CPU
		{7F29908E-BACF-4E53-B621-D7F4052992BB}.Release|Any CPU.Build.0 = Release|Any CPU
		{90156980-2229-48E8-8CF8-1D09E99F0025}.Debug|Any CPU.ActiveCfg = Debug|Any CPU
		{90156980-2229-48E8-8CF8-1D09E99F0025}.Debug|Any CPU.Build.0 = Debug|Any CPU
		{90156980-2229-48E8-8CF8-1D09E99F0025}.Release|Any CPU.ActiveCfg = Release|Any CPU
		{90156980-2229-48E8-8CF8-1D09E99F0025}.Release|Any CPU.Build.0 = Release|Any CPU
		{C1BED814-051F-4083-BA97-EA78BBA4AC07}.Debug|Any CPU.ActiveCfg = Debug|Any CPU
		{C1BED814-051F-4083-BA97-EA78BBA4AC07}.Debug|Any CPU.Build.0 = Debug|Any CPU
		{C1BED814-051F-4083-BA97-EA78BBA4AC07}.Release|Any CPU.ActiveCfg = Release|Any CPU
		{C1BED814-051F-4083-BA97-EA78BBA4AC07}.Release|Any CPU.Build.0 = Release|Any CPU
		{2A74E4DF-147A-4C20-95DA-465F796E5AFD}.Debug|Any CPU.ActiveCfg = Debug|Any CPU
		{2A74E4DF-147A-4C20-95DA-465F796E5AFD}.Debug|Any CPU.Build.0 = Debug|Any CPU
		{2A74E4DF-147A-4C20-95DA-465F796E5AFD}.Release|Any CPU.ActiveCfg = Release|Any CPU
		{2A74E4DF-147A-4C20-95DA-465F796E5AFD}.Release|Any CPU.Build.0 = Release|Any CPU
		{433C9654-78E3-4A08-9C88-EAED83FA6AF9}.Debug|Any CPU.ActiveCfg = Debug|Any CPU
		{433C9654-78E3-4A08-9C88-EAED83FA6AF9}.Debug|Any CPU.Build.0 = Debug|Any CPU
		{433C9654-78E3-4A08-9C88-EAED83FA6AF9}.Release|Any CPU.ActiveCfg = Release|Any CPU
		{433C9654-78E3-4A08-9C88-EAED83FA6AF9}.Release|Any CPU.Build.0 = Release|Any CPU
		{B4C84C46-7FB7-43CC-8F15-1CB5B04C3838}.Debug|Any CPU.ActiveCfg = Debug|Any CPU
		{B4C84C46-7FB7-43CC-8F15-1CB5B04C3838}.Debug|Any CPU.Build.0 = Debug|Any CPU
		{B4C84C46-7FB7-43CC-8F15-1CB5B04C3838}.Release|Any CPU.ActiveCfg = Release|Any CPU
		{B4C84C46-7FB7-43CC-8F15-1CB5B04C3838}.Release|Any CPU.Build.0 = Release|Any CPU
	EndGlobalSection
	GlobalSection(SolutionProperties) = preSolution
		HideSolutionNode = FALSE
	EndGlobalSection
	GlobalSection(NestedProjects) = preSolution
		{E44B505E-644E-4399-AAD5-F7726AEA86F9} = {CC0C651C-DD30-4DAD-872E-8AC484B712E5}
		{961D5CBE-393B-4C65-B82D-4BA7F9433295} = {CC0C651C-DD30-4DAD-872E-8AC484B712E5}
		{7C0A9B3A-ACF3-4742-84EA-7E6F987826E6} = {3A19290D-DC10-4317-89B2-2B7CD1FD4723}
		{C72FA11E-E756-4475-8C82-82A6BCF6ACA0} = {D33F490D-1A15-44E0-BA04-291BAE3389EF}
		{619FCF67-9C64-4B28-80FC-F8E48EB863A3} = {D33F490D-1A15-44E0-BA04-291BAE3389EF}
		{7F29908E-BACF-4E53-B621-D7F4052992BB} = {D33F490D-1A15-44E0-BA04-291BAE3389EF}
		{90156980-2229-48E8-8CF8-1D09E99F0025} = {3A19290D-DC10-4317-89B2-2B7CD1FD4723}
		{C1BED814-051F-4083-BA97-EA78BBA4AC07} = {3A19290D-DC10-4317-89B2-2B7CD1FD4723}
		{2A74E4DF-147A-4C20-95DA-465F796E5AFD} = {3A19290D-DC10-4317-89B2-2B7CD1FD4723}
		{D33F490D-1A15-44E0-BA04-291BAE3389EF} = {3A19290D-DC10-4317-89B2-2B7CD1FD4723}
		{054B3CBA-328F-486A-8646-D398F604517F} = {3A19290D-DC10-4317-89B2-2B7CD1FD4723}
		{433C9654-78E3-4A08-9C88-EAED83FA6AF9} = {3A19290D-DC10-4317-89B2-2B7CD1FD4723}
		{B4C84C46-7FB7-43CC-8F15-1CB5B04C3838} = {054B3CBA-328F-486A-8646-D398F604517F}
	EndGlobalSection
	GlobalSection(ExtensibilityGlobals) = postSolution
		SolutionGuid = {0CFE01E0-B558-4BBE-A263-09FF0BC81EF0}
	EndGlobalSection
EndGlobal
