
Microsoft Visual Studio Solution File, Format Version 12.00
# Visual Studio Version 17
VisualStudioVersion = 17.4.32804.182
MinimumVisualStudioVersion = 10.0.40219.1
Project("{9A19103F-16F7-4668-BE54-9A1E7A4F7556}") = "Masa.Blazor.Maui.Plugin.Audio", "Masa.Blazor.Maui.Plugin.Audio\Masa.Blazor.Maui.Plugin.Audio.csproj", "{33D913A9-3A4D-43A5-9BDC-450BF82EBB6F}"
EndProject
Project("{2150E333-8FDC-42A3-9474-1A3956D46DE8}") = "Audio", "Audio", "{64BC253C-AA93-4D31-9F5C-967DD6ED6CA0}"
EndProject
Project("{9A19103F-16F7-4668-BE54-9A1E7A4F7556}") = "Masa.Blazor.Maui.Plugin.AudioPlayerSample", "Masa.Blazor.Maui.Plugin.AudioPlayerSample\Masa.Blazor.Maui.Plugin.AudioPlayerSample.csproj", "{793C1501-17D9-4995-A2C1-0AB49CA4B640}"
EndProject
Project("{2150E333-8FDC-42A3-9474-1A3956D46DE8}") = "BlueTooth", "BlueTooth", "{778735C1-2790-4972-A097-AEA5DAF88EE3}"
EndProject
Project("{9A19103F-16F7-4668-BE54-9A1E7A4F7556}") = "MasaSample", "MasaSample\MasaSample.csproj", "{AEE98202-EAFB-4A4C-8165-39C1ED0D004C}"
EndProject
Project("{9A19103F-16F7-4668-BE54-9A1E7A4F7556}") = "Masa.Blazor.Maui.Plugin.Bluetooth", "Masa.Blazor.Maui.Plugin.Bluetooth\Masa.Blazor.Maui.Plugin.Bluetooth.csproj", "{2C2AA6F2-761F-4044-B801-9EC557F73FDD}"
EndProject
Project("{2150E333-8FDC-42A3-9474-1A3956D46DE8}") = "QrCode", "QrCode", "{D75877F7-4AD8-4DDD-BBD4-907389D2BF3E}"
EndProject
Project("{9A19103F-16F7-4668-BE54-9A1E7A4F7556}") = "Masa.Blazor.Maui.Plugin.QrCode", "Masa.Blazor.Maui.Plugin.QrCode\Masa.Blazor.Maui.Plugin.QrCode.csproj", "{D676783A-B4BF-4FB9-82CC-C60263E06094}"
EndProject
Project("{9A19103F-16F7-4668-BE54-9A1E7A4F7556}") = "QrCodeSample", "QrCodeSample\QrCodeSample.csproj", "{DB2EB0CC-063E-490F-A12B-6FF38D3470E3}"
EndProject
Project("{2150E333-8FDC-42A3-9474-1A3956D46DE8}") = "Biometrics", "Biometrics", "{CE09B2C7-FA8E-4480-8A14-95D36C7BD8A3}"
EndProject
Project("{9A19103F-16F7-4668-BE54-9A1E7A4F7556}") = "Masa.Blazor.Maui.Plugin.Biometrics", "Masa.Blazor.Maui.Plugin.Biometrics\Masa.Blazor.Maui.Plugin.Biometrics.csproj", "{A3E2FB34-EAB7-4143-A90F-1AA154F3976B}"
EndProject
Project("{9A19103F-16F7-4668-BE54-9A1E7A4F7556}") = "Masa.Blazor.Maui.Plugin.BiometricsSample", "Masa.Blazor.Maui.Plugin.BiometricsSample\Masa.Blazor.Maui.Plugin.BiometricsSample.csproj", "{80425A2E-1003-442B-ADA8-0D03B9159636}"
EndProject
Project("{2150E333-8FDC-42A3-9474-1A3956D46DE8}") = "GeTuiPush", "GeTuiPush", "{A6568187-450D-4C3F-9A33-54E38E105D1E}"
EndProject
Project("{9A19103F-16F7-4668-BE54-9A1E7A4F7556}") = "Masa.Blazor.Maui.Plugin.GeTuiPushBinding", "Masa.Blazor.Maui.Plugin.GeTuiPushBinding\Masa.Blazor.Maui.Plugin.GeTuiPushBinding.csproj", "{74F9317B-3AA0-4C1C-9165-0E814DC3A550}"
EndProject
Project("{9A19103F-16F7-4668-BE54-9A1E7A4F7556}") = "Masa.Blazor.Maui.Plugin.GeTuiSample", "Masa.Blazor.Maui.Plugin.GeTuiSample\Masa.Blazor.Maui.Plugin.GeTuiSample.csproj", "{05C85459-AF2A-4FAB-A26F-C666948ADA7B}"
EndProject
Project("{2150E333-8FDC-42A3-9474-1A3956D46DE8}") = "Badger", "Badger", "{ADF847FC-9E99-4718-BA0A-A895761A2883}"
EndProject
Project("{9A19103F-16F7-4668-BE54-9A1E7A4F7556}") = "Masa.Blazor.Maui.Plugin.BadgerBinding", "Masa.Blazor.Maui.Plugin.BadgerBinding\Masa.Blazor.Maui.Plugin.BadgerBinding.csproj", "{690E78A1-9065-4210-996B-FC378F32239C}"
EndProject
Project("{9A19103F-16F7-4668-BE54-9A1E7A4F7556}") = "BadgerSample", "BadgerSample\BadgerSample.csproj", "{6A06F0A4-4B4B-4956-B57C-B87B2A972638}"
EndProject
Project("{9A19103F-16F7-4668-BE54-9A1E7A4F7556}") = "Masa.Blazor.Maui.Plugin.Badger", "Masa.Blazor.Maui.Plugin.Badger\Masa.Blazor.Maui.Plugin.Badger.csproj", "{BB195AC4-3068-4122-B13C-64576EC289D4}"
EndProject
Project("{2150E333-8FDC-42A3-9474-1A3956D46DE8}") = "MediaPick", "MediaPick", "{2B242685-3450-4573-8C4F-5BB6FAF98C70}"
EndProject
Project("{9A19103F-16F7-4668-BE54-9A1E7A4F7556}") = "MediaPickSample", "MediaPickSample\MediaPickSample.csproj", "{D5DBC320-F0F3-44A9-801B-1DAB9C308D58}"
EndProject
Project("{2150E333-8FDC-42A3-9474-1A3956D46DE8}") = "iOSPush", "iOSPush", "{0DA1E67D-9550-4DA5-9ED4-FD1D3B14E2A1}"
EndProject
Project("{FAE04EC0-301F-11D3-BF4B-00C04F79EFBC}") = "iOSPushSample", "iOSPushSample\iOSPushSample.csproj", "{57747E94-7876-4D9F-AAF8-75EA306511BE}"
EndProject
Global
	GlobalSection(SolutionConfigurationPlatforms) = preSolution
		Debug|Any CPU = Debug|Any CPU
		Release|Any CPU = Release|Any CPU
	EndGlobalSection
	GlobalSection(ProjectConfigurationPlatforms) = postSolution
		{33D913A9-3A4D-43A5-9BDC-450BF82EBB6F}.Debug|Any CPU.ActiveCfg = Debug|Any CPU
		{33D913A9-3A4D-43A5-9BDC-450BF82EBB6F}.Debug|Any CPU.Build.0 = Debug|Any CPU
		{33D913A9-3A4D-43A5-9BDC-450BF82EBB6F}.Debug|Any CPU.Deploy.0 = Debug|Any CPU
		{33D913A9-3A4D-43A5-9BDC-450BF82EBB6F}.Release|Any CPU.ActiveCfg = Release|Any CPU
		{33D913A9-3A4D-43A5-9BDC-450BF82EBB6F}.Release|Any CPU.Build.0 = Release|Any CPU
		{33D913A9-3A4D-43A5-9BDC-450BF82EBB6F}.Release|Any CPU.Deploy.0 = Release|Any CPU
		{793C1501-17D9-4995-A2C1-0AB49CA4B640}.Debug|Any CPU.ActiveCfg = Debug|Any CPU
		{793C1501-17D9-4995-A2C1-0AB49CA4B640}.Debug|Any CPU.Build.0 = Debug|Any CPU
		{793C1501-17D9-4995-A2C1-0AB49CA4B640}.Debug|Any CPU.Deploy.0 = Debug|Any CPU
		{793C1501-17D9-4995-A2C1-0AB49CA4B640}.Release|Any CPU.ActiveCfg = Release|Any CPU
		{793C1501-17D9-4995-A2C1-0AB49CA4B640}.Release|Any CPU.Build.0 = Release|Any CPU
		{793C1501-17D9-4995-A2C1-0AB49CA4B640}.Release|Any CPU.Deploy.0 = Release|Any CPU
		{AEE98202-EAFB-4A4C-8165-39C1ED0D004C}.Debug|Any CPU.ActiveCfg = Debug|Any CPU
		{AEE98202-EAFB-4A4C-8165-39C1ED0D004C}.Debug|Any CPU.Build.0 = Debug|Any CPU
		{AEE98202-EAFB-4A4C-8165-39C1ED0D004C}.Debug|Any CPU.Deploy.0 = Debug|Any CPU
		{AEE98202-EAFB-4A4C-8165-39C1ED0D004C}.Release|Any CPU.ActiveCfg = Release|Any CPU
		{AEE98202-EAFB-4A4C-8165-39C1ED0D004C}.Release|Any CPU.Build.0 = Release|Any CPU
		{AEE98202-EAFB-4A4C-8165-39C1ED0D004C}.Release|Any CPU.Deploy.0 = Release|Any CPU
		{2C2AA6F2-761F-4044-B801-9EC557F73FDD}.Debug|Any CPU.ActiveCfg = Debug|Any CPU
		{2C2AA6F2-761F-4044-B801-9EC557F73FDD}.Debug|Any CPU.Build.0 = Debug|Any CPU
		{2C2AA6F2-761F-4044-B801-9EC557F73FDD}.Release|Any CPU.ActiveCfg = Release|Any CPU
		{2C2AA6F2-761F-4044-B801-9EC557F73FDD}.Release|Any CPU.Build.0 = Release|Any CPU
		{D676783A-B4BF-4FB9-82CC-C60263E06094}.Debug|Any CPU.ActiveCfg = Debug|Any CPU
		{D676783A-B4BF-4FB9-82CC-C60263E06094}.Debug|Any CPU.Build.0 = Debug|Any CPU
		{D676783A-B4BF-4FB9-82CC-C60263E06094}.Release|Any CPU.ActiveCfg = Release|Any CPU
		{D676783A-B4BF-4FB9-82CC-C60263E06094}.Release|Any CPU.Build.0 = Release|Any CPU
		{DB2EB0CC-063E-490F-A12B-6FF38D3470E3}.Debug|Any CPU.ActiveCfg = Debug|Any CPU
		{DB2EB0CC-063E-490F-A12B-6FF38D3470E3}.Debug|Any CPU.Build.0 = Debug|Any CPU
		{DB2EB0CC-063E-490F-A12B-6FF38D3470E3}.Debug|Any CPU.Deploy.0 = Debug|Any CPU
		{DB2EB0CC-063E-490F-A12B-6FF38D3470E3}.Release|Any CPU.ActiveCfg = Release|Any CPU
		{DB2EB0CC-063E-490F-A12B-6FF38D3470E3}.Release|Any CPU.Build.0 = Release|Any CPU
		{DB2EB0CC-063E-490F-A12B-6FF38D3470E3}.Release|Any CPU.Deploy.0 = Release|Any CPU
		{A3E2FB34-EAB7-4143-A90F-1AA154F3976B}.Debug|Any CPU.ActiveCfg = Debug|Any CPU
		{A3E2FB34-EAB7-4143-A90F-1AA154F3976B}.Debug|Any CPU.Build.0 = Debug|Any CPU
		{A3E2FB34-EAB7-4143-A90F-1AA154F3976B}.Release|Any CPU.ActiveCfg = Release|Any CPU
		{A3E2FB34-EAB7-4143-A90F-1AA154F3976B}.Release|Any CPU.Build.0 = Release|Any CPU
		{80425A2E-1003-442B-ADA8-0D03B9159636}.Debug|Any CPU.ActiveCfg = Debug|Any CPU
		{80425A2E-1003-442B-ADA8-0D03B9159636}.Debug|Any CPU.Build.0 = Debug|Any CPU
		{80425A2E-1003-442B-ADA8-0D03B9159636}.Debug|Any CPU.Deploy.0 = Debug|Any CPU
		{80425A2E-1003-442B-ADA8-0D03B9159636}.Release|Any CPU.ActiveCfg = Release|Any CPU
		{80425A2E-1003-442B-ADA8-0D03B9159636}.Release|Any CPU.Build.0 = Release|Any CPU
		{80425A2E-1003-442B-ADA8-0D03B9159636}.Release|Any CPU.Deploy.0 = Release|Any CPU
		{74F9317B-3AA0-4C1C-9165-0E814DC3A550}.Debug|Any CPU.ActiveCfg = Debug|Any CPU
		{74F9317B-3AA0-4C1C-9165-0E814DC3A550}.Debug|Any CPU.Build.0 = Debug|Any CPU
		{74F9317B-3AA0-4C1C-9165-0E814DC3A550}.Release|Any CPU.ActiveCfg = Release|Any CPU
		{74F9317B-3AA0-4C1C-9165-0E814DC3A550}.Release|Any CPU.Build.0 = Release|Any CPU
		{05C85459-AF2A-4FAB-A26F-C666948ADA7B}.Debug|Any CPU.ActiveCfg = Debug|Any CPU
		{05C85459-AF2A-4FAB-A26F-C666948ADA7B}.Debug|Any CPU.Build.0 = Debug|Any CPU
		{05C85459-AF2A-4FAB-A26F-C666948ADA7B}.Debug|Any CPU.Deploy.0 = Debug|Any CPU
		{05C85459-AF2A-4FAB-A26F-C666948ADA7B}.Release|Any CPU.ActiveCfg = Release|Any CPU
		{05C85459-AF2A-4FAB-A26F-C666948ADA7B}.Release|Any CPU.Build.0 = Release|Any CPU
		{05C85459-AF2A-4FAB-A26F-C666948ADA7B}.Release|Any CPU.Deploy.0 = Release|Any CPU
		{690E78A1-9065-4210-996B-FC378F32239C}.Debug|Any CPU.ActiveCfg = Debug|Any CPU
		{690E78A1-9065-4210-996B-FC378F32239C}.Debug|Any CPU.Build.0 = Debug|Any CPU
		{690E78A1-9065-4210-996B-FC378F32239C}.Release|Any CPU.ActiveCfg = Release|Any CPU
		{690E78A1-9065-4210-996B-FC378F32239C}.Release|Any CPU.Build.0 = Release|Any CPU
		{6A06F0A4-4B4B-4956-B57C-B87B2A972638}.Debug|Any CPU.ActiveCfg = Debug|Any CPU
		{6A06F0A4-4B4B-4956-B57C-B87B2A972638}.Debug|Any CPU.Build.0 = Debug|Any CPU
		{6A06F0A4-4B4B-4956-B57C-B87B2A972638}.Debug|Any CPU.Deploy.0 = Debug|Any CPU
		{6A06F0A4-4B4B-4956-B57C-B87B2A972638}.Release|Any CPU.ActiveCfg = Release|Any CPU
		{6A06F0A4-4B4B-4956-B57C-B87B2A972638}.Release|Any CPU.Build.0 = Release|Any CPU
		{6A06F0A4-4B4B-4956-B57C-B87B2A972638}.Release|Any CPU.Deploy.0 = Release|Any CPU
		{BB195AC4-3068-4122-B13C-64576EC289D4}.Debug|Any CPU.ActiveCfg = Debug|Any CPU
		{BB195AC4-3068-4122-B13C-64576EC289D4}.Debug|Any CPU.Build.0 = Debug|Any CPU
		{BB195AC4-3068-4122-B13C-64576EC289D4}.Release|Any CPU.ActiveCfg = Release|Any CPU
		{BB195AC4-3068-4122-B13C-64576EC289D4}.Release|Any CPU.Build.0 = Release|Any CPU
		{D5DBC320-F0F3-44A9-801B-1DAB9C308D58}.Debug|Any CPU.ActiveCfg = Debug|Any CPU
		{D5DBC320-F0F3-44A9-801B-1DAB9C308D58}.Debug|Any CPU.Build.0 = Debug|Any CPU
		{D5DBC320-F0F3-44A9-801B-1DAB9C308D58}.Debug|Any CPU.Deploy.0 = Debug|Any CPU
		{D5DBC320-F0F3-44A9-801B-1DAB9C308D58}.Release|Any CPU.ActiveCfg = Release|Any CPU
		{D5DBC320-F0F3-44A9-801B-1DAB9C308D58}.Release|Any CPU.Build.0 = Release|Any CPU
		{D5DBC320-F0F3-44A9-801B-1DAB9C308D58}.Release|Any CPU.Deploy.0 = Release|Any CPU
		{57747E94-7876-4D9F-AAF8-75EA306511BE}.Debug|Any CPU.ActiveCfg = Debug|Any CPU
		{57747E94-7876-4D9F-AAF8-75EA306511BE}.Debug|Any CPU.Build.0 = Debug|Any CPU
		{57747E94-7876-4D9F-AAF8-75EA306511BE}.Debug|Any CPU.Deploy.0 = Debug|Any CPU
		{57747E94-7876-4D9F-AAF8-75EA306511BE}.Release|Any CPU.ActiveCfg = Release|Any CPU
		{57747E94-7876-4D9F-AAF8-75EA306511BE}.Release|Any CPU.Build.0 = Release|Any CPU
		{57747E94-7876-4D9F-AAF8-75EA306511BE}.Release|Any CPU.Deploy.0 = Release|Any CPU
	EndGlobalSection
	GlobalSection(SolutionProperties) = preSolution
		HideSolutionNode = FALSE
	EndGlobalSection
	GlobalSection(NestedProjects) = preSolution
		{33D913A9-3A4D-43A5-9BDC-450BF82EBB6F} = {64BC253C-AA93-4D31-9F5C-967DD6ED6CA0}
		{793C1501-17D9-4995-A2C1-0AB49CA4B640} = {64BC253C-AA93-4D31-9F5C-967DD6ED6CA0}
		{AEE98202-EAFB-4A4C-8165-39C1ED0D004C} = {778735C1-2790-4972-A097-AEA5DAF88EE3}
		{2C2AA6F2-761F-4044-B801-9EC557F73FDD} = {778735C1-2790-4972-A097-AEA5DAF88EE3}
		{D676783A-B4BF-4FB9-82CC-C60263E06094} = {D75877F7-4AD8-4DDD-BBD4-907389D2BF3E}
		{DB2EB0CC-063E-490F-A12B-6FF38D3470E3} = {D75877F7-4AD8-4DDD-BBD4-907389D2BF3E}
		{A3E2FB34-EAB7-4143-A90F-1AA154F3976B} = {CE09B2C7-FA8E-4480-8A14-95D36C7BD8A3}
		{80425A2E-1003-442B-ADA8-0D03B9159636} = {CE09B2C7-FA8E-4480-8A14-95D36C7BD8A3}
		{74F9317B-3AA0-4C1C-9165-0E814DC3A550} = {A6568187-450D-4C3F-9A33-54E38E105D1E}
		{05C85459-AF2A-4FAB-A26F-C666948ADA7B} = {A6568187-450D-4C3F-9A33-54E38E105D1E}
		{690E78A1-9065-4210-996B-FC378F32239C} = {ADF847FC-9E99-4718-BA0A-A895761A2883}
		{6A06F0A4-4B4B-4956-B57C-B87B2A972638} = {ADF847FC-9E99-4718-BA0A-A895761A2883}
		{BB195AC4-3068-4122-B13C-64576EC289D4} = {ADF847FC-9E99-4718-BA0A-A895761A2883}
		{D5DBC320-F0F3-44A9-801B-1DAB9C308D58} = {2B242685-3450-4573-8C4F-5BB6FAF98C70}
		{57747E94-7876-4D9F-AAF8-75EA306511BE} = {0DA1E67D-9550-4DA5-9ED4-FD1D3B14E2A1}
	EndGlobalSection
	GlobalSection(ExtensibilityGlobals) = postSolution
		SolutionGuid = {F999AB5B-4C79-44A5-A1BA-90C268DFB039}
	EndGlobalSection
EndGlobal
