
Microsoft Visual Studio Solution File, Format Version 12.00
# Visual Studio Version 17
VisualStudioVersion = 17.0.31903.59
MinimumVisualStudioVersion = 10.0.40219.1
Project("{9A19103F-16F7-4668-BE54-9A1E7A4F7556}") = "Masa.Blazor", "Masa.Blazor\Masa.Blazor.csproj", "{7B4B0CE0-69F1-40E8-B201-EED80B76D490}"
EndProject
Project("{9A19103F-16F7-4668-BE54-9A1E7A4F7556}") = "BlazorComponent", "BlazorComponent\src\Component\BlazorComponent\BlazorComponent.csproj", "{6C7B7A0E-6F6A-44F3-9C88-025700AD5C6D}"
EndProject
Project("{9A19103F-16F7-4668-BE54-9A1E7A4F7556}") = "Masa.Docs.Server", "Docs\Masa.Docs.Server\Masa.Docs.Server.csproj", "{080CB203-DC2E-4DC5-A836-8683BC6C68B7}"
EndProject
Project("{9A19103F-16F7-4668-BE54-9A1E7A4F7556}") = "Masa.Docs.Shared", "Docs\Masa.Docs.Shared\Masa.Docs.Shared.csproj", "{4BB2660A-0722-43C0-9227-1D4F9D6F5846}"
EndProject
Project("{9A19103F-16F7-4668-BE54-9A1E7A4F7556}") = "Masa.Docs.WebAssembly", "Docs\Masa.Docs.WebAssembly\Masa.Docs.WebAssembly.csproj", "{3CD005E0-B246-4757-A010-C31CCBCA9571}"
EndProject
Project("{9A19103F-16F7-4668-BE54-9A1E7A4F7556}") = "Masa.Blazor.Docs", "Docs\Masa.Blazor.Docs\Masa.Blazor.Docs.csproj", "{ABFEA5BB-2A3E-4917-AC4B-618130388A9D}"
EndProject
Project("{9A19103F-16F7-4668-BE54-9A1E7A4F7556}") = "Masa.Docs.Core", "Docs\Masa.Docs.Core\Masa.Docs.Core.csproj", "{36C9041A-134E-448D-959D-822DD317685A}"
EndProject
Project("{2150E333-8FDC-42A3-9474-1A3956D46DE8}") = "Masa.Docs.Template", "Masa.Docs.Template", "{6D52B20D-5559-4E10-8386-4B6AD391A6A1}"
EndProject
Project("{9A19103F-16F7-4668-BE54-9A1E7A4F7556}") = "Masa.Stack.Docs", "MASA.Docs\src\Masa.Stack.Docs\Masa.Stack.Docs.csproj", "{135ED7DC-8201-4B6D-9A6C-5B4018613281}"
EndProject
Project("{9A19103F-16F7-4668-BE54-9A1E7A4F7556}") = "Masa.Framework.Docs", "MASA.Docs\src\Masa.Framework.Docs\Masa.Framework.Docs.csproj", "{B5AB302E-2357-467E-B085-E64892E2814F}"
EndProject
Project("{FAE04EC0-301F-11D3-BF4B-00C04F79EFBC}") = "Masa.Blazor.SourceGenerator.Docs.ApiGenerator", "Masa.Blazor.SourceGenerator.Docs.ApiGenerator\Masa.Blazor.SourceGenerator.Docs.ApiGenerator.csproj", "{7F566224-2D3E-4F20-9B9D-FA154D91C3C9}"
EndProject
Project("{2150E333-8FDC-42A3-9474-1A3956D46DE8}") = "Component", "Component", "{316905B8-A702-4A0A-970A-6A663DEC29F6}"
EndProject
Project("{2150E333-8FDC-42A3-9474-1A3956D46DE8}") = "ApiGenerator", "ApiGenerator", "{97FD4AEF-4704-409D-945C-A43EE4919D2D}"
EndProject
Project("{2150E333-8FDC-42A3-9474-1A3956D46DE8}") = "Masa.Docs", "Masa.Docs", "{214C29AE-7E61-4087-9B0A-F2CA9A03006D}"
EndProject
Global
	GlobalSection(SolutionConfigurationPlatforms) = preSolution
		Debug|Any CPU = Debug|Any CPU
		Release|Any CPU = Release|Any CPU
	EndGlobalSection
	GlobalSection(ProjectConfigurationPlatforms) = postSolution
		{7B4B0CE0-69F1-40E8-B201-EED80B76D490}.Debug|Any CPU.ActiveCfg = Debug|Any CPU
		{7B4B0CE0-69F1-40E8-B201-EED80B76D490}.Debug|Any CPU.Build.0 = Debug|Any CPU
		{7B4B0CE0-69F1-40E8-B201-EED80B76D490}.Release|Any CPU.ActiveCfg = Release|Any CPU
		{7B4B0CE0-69F1-40E8-B201-EED80B76D490}.Release|Any CPU.Build.0 = Release|Any CPU
		{6C7B7A0E-6F6A-44F3-9C88-025700AD5C6D}.Debug|Any CPU.ActiveCfg = Debug|Any CPU
		{6C7B7A0E-6F6A-44F3-9C88-025700AD5C6D}.Debug|Any CPU.Build.0 = Debug|Any CPU
		{6C7B7A0E-6F6A-44F3-9C88-025700AD5C6D}.Release|Any CPU.ActiveCfg = Release|Any CPU
		{6C7B7A0E-6F6A-44F3-9C88-025700AD5C6D}.Release|Any CPU.Build.0 = Release|Any CPU
		{080CB203-DC2E-4DC5-A836-8683BC6C68B7}.Debug|Any CPU.ActiveCfg = Debug|Any CPU
		{080CB203-DC2E-4DC5-A836-8683BC6C68B7}.Debug|Any CPU.Build.0 = Debug|Any CPU
		{080CB203-DC2E-4DC5-A836-8683BC6C68B7}.Release|Any CPU.ActiveCfg = Release|Any CPU
		{080CB203-DC2E-4DC5-A836-8683BC6C68B7}.Release|Any CPU.Build.0 = Release|Any CPU
		{4BB2660A-0722-43C0-9227-1D4F9D6F5846}.Debug|Any CPU.ActiveCfg = Debug|Any CPU
		{4BB2660A-0722-43C0-9227-1D4F9D6F5846}.Debug|Any CPU.Build.0 = Debug|Any CPU
		{4BB2660A-0722-43C0-9227-1D4F9D6F5846}.Release|Any CPU.ActiveCfg = Release|Any CPU
		{4BB2660A-0722-43C0-9227-1D4F9D6F5846}.Release|Any CPU.Build.0 = Release|Any CPU
		{3CD005E0-B246-4757-A010-C31CCBCA9571}.Debug|Any CPU.ActiveCfg = Debug|Any CPU
		{3CD005E0-B246-4757-A010-C31CCBCA9571}.Debug|Any CPU.Build.0 = Debug|Any CPU
		{3CD005E0-B246-4757-A010-C31CCBCA9571}.Release|Any CPU.ActiveCfg = Release|Any CPU
		{3CD005E0-B246-4757-A010-C31CCBCA9571}.Release|Any CPU.Build.0 = Release|Any CPU
		{ABFEA5BB-2A3E-4917-AC4B-618130388A9D}.Debug|Any CPU.ActiveCfg = Debug|Any CPU
		{ABFEA5BB-2A3E-4917-AC4B-618130388A9D}.Debug|Any CPU.Build.0 = Debug|Any CPU
		{ABFEA5BB-2A3E-4917-AC4B-618130388A9D}.Release|Any CPU.ActiveCfg = Release|Any CPU
		{ABFEA5BB-2A3E-4917-AC4B-618130388A9D}.Release|Any CPU.Build.0 = Release|Any CPU
		{36C9041A-134E-448D-959D-822DD317685A}.Debug|Any CPU.ActiveCfg = Debug|Any CPU
		{36C9041A-134E-448D-959D-822DD317685A}.Debug|Any CPU.Build.0 = Debug|Any CPU
		{36C9041A-134E-448D-959D-822DD317685A}.Release|Any CPU.ActiveCfg = Release|Any CPU
		{36C9041A-134E-448D-959D-822DD317685A}.Release|Any CPU.Build.0 = Release|Any CPU
		{135ED7DC-8201-4B6D-9A6C-5B4018613281}.Debug|Any CPU.ActiveCfg = Debug|Any CPU
		{135ED7DC-8201-4B6D-9A6C-5B4018613281}.Debug|Any CPU.Build.0 = Debug|Any CPU
		{135ED7DC-8201-4B6D-9A6C-5B4018613281}.Release|Any CPU.ActiveCfg = Release|Any CPU
		{135ED7DC-8201-4B6D-9A6C-5B4018613281}.Release|Any CPU.Build.0 = Release|Any CPU
		{B5AB302E-2357-467E-B085-E64892E2814F}.Debug|Any CPU.ActiveCfg = Debug|Any CPU
		{B5AB302E-2357-467E-B085-E64892E2814F}.Debug|Any CPU.Build.0 = Debug|Any CPU
		{B5AB302E-2357-467E-B085-E64892E2814F}.Release|Any CPU.ActiveCfg = Release|Any CPU
		{B5AB302E-2357-467E-B085-E64892E2814F}.Release|Any CPU.Build.0 = Release|Any CPU
		{7F566224-2D3E-4F20-9B9D-FA154D91C3C9}.Debug|Any CPU.ActiveCfg = Debug|Any CPU
		{7F566224-2D3E-4F20-9B9D-FA154D91C3C9}.Debug|Any CPU.Build.0 = Debug|Any CPU
		{7F566224-2D3E-4F20-9B9D-FA154D91C3C9}.Release|Any CPU.ActiveCfg = Release|Any CPU
		{7F566224-2D3E-4F20-9B9D-FA154D91C3C9}.Release|Any CPU.Build.0 = Release|Any CPU
	EndGlobalSection
	GlobalSection(SolutionProperties) = preSolution
		HideSolutionNode = FALSE
	EndGlobalSection
	GlobalSection(NestedProjects) = preSolution
		{080CB203-DC2E-4DC5-A836-8683BC6C68B7} = {6D52B20D-5559-4E10-8386-4B6AD391A6A1}
		{4BB2660A-0722-43C0-9227-1D4F9D6F5846} = {6D52B20D-5559-4E10-8386-4B6AD391A6A1}
		{3CD005E0-B246-4757-A010-C31CCBCA9571} = {6D52B20D-5559-4E10-8386-4B6AD391A6A1}
		{36C9041A-134E-448D-959D-822DD317685A} = {6D52B20D-5559-4E10-8386-4B6AD391A6A1}
		{6C7B7A0E-6F6A-44F3-9C88-025700AD5C6D} = {316905B8-A702-4A0A-970A-6A663DEC29F6}
		{7B4B0CE0-69F1-40E8-B201-EED80B76D490} = {316905B8-A702-4A0A-970A-6A663DEC29F6}
		{7F566224-2D3E-4F20-9B9D-FA154D91C3C9} = {97FD4AEF-4704-409D-945C-A43EE4919D2D}
		{214C29AE-7E61-4087-9B0A-F2CA9A03006D} = {6D52B20D-5559-4E10-8386-4B6AD391A6A1}
		{ABFEA5BB-2A3E-4917-AC4B-618130388A9D} = {214C29AE-7E61-4087-9B0A-F2CA9A03006D}
		{B5AB302E-2357-467E-B085-E64892E2814F} = {214C29AE-7E61-4087-9B0A-F2CA9A03006D}
		{135ED7DC-8201-4B6D-9A6C-5B4018613281} = {214C29AE-7E61-4087-9B0A-F2CA9A03006D}
	EndGlobalSection
	GlobalSection(ExtensibilityGlobals) = postSolution
		SolutionGuid = {9F25C776-A200-4DEB-8F8B-9D1FA2CDC740}
	EndGlobalSection
EndGlobal
